// !$*UTF8*$!
{
	archiveVersion = 1;
	classes = {
	};
	objectVersion = 56;
	objects = {

/* Begin PBXBuildFile section */
		570003342C7F69DA0095405A /* MainMenuView.swift in Sources */ = {isa = PBXBuildFile; fileRef = 570003332C7F69DA0095405A /* MainMenuView.swift */; };
		570003362C7F69F30095405A /* LocationsListView.swift in Sources */ = {isa = PBXBuildFile; fileRef = 570003352C7F69F30095405A /* LocationsListView.swift */; };
		570003382C7F6A120095405A /* SkillsDetailView.swift in Sources */ = {isa = PBXBuildFile; fileRef = 570003372C7F6A120095405A /* SkillsDetailView.swift */; };
		5700033A2C7F6A230095405A /* WeaponsListView.swift in Sources */ = {isa = PBXBuildFile; fileRef = 570003392C7F6A230095405A /* WeaponsListView.swift */; };
		5700033C2C7F6B170095405A /* Locations.swift in Sources */ = {isa = PBXBuildFile; fileRef = 5700033B2C7F6B170095405A /* Locations.swift */; };
		5700033E2C7F6B270095405A /* LocationViewModel.swift in Sources */ = {isa = PBXBuildFile; fileRef = 5700033D2C7F6B270095405A /* LocationViewModel.swift */; };
		570003402C7F6BB10095405A /* LocationDetailView.swift in Sources */ = {isa = PBXBuildFile; fileRef = 5700033F2C7F6BB10095405A /* LocationDetailView.swift */; };
		570003422C81F38F0095405A /* WeaponsDetailView.swift in Sources */ = {isa = PBXBuildFile; fileRef = 570003412C81F38F0095405A /* WeaponsDetailView.swift */; };
		570003442C81F3D70095405A /* Weapon.swift in Sources */ = {isa = PBXBuildFile; fileRef = 570003432C81F3D70095405A /* Weapon.swift */; };
		570003462C81F3ED0095405A /* WeaponViewModel.swift in Sources */ = {isa = PBXBuildFile; fileRef = 570003452C81F3ED0095405A /* WeaponViewModel.swift */; };
		570444C42C7CFBB100F11D1A /* Monster_Hunter_World_MonsterApp.swift in Sources */ = {isa = PBXBuildFile; fileRef = 570444C32C7CFBB100F11D1A /* Monster_Hunter_World_MonsterApp.swift */; };
		570444C82C7CFBB200F11D1A /* Assets.xcassets in Resources */ = {isa = PBXBuildFile; fileRef = 570444C72C7CFBB200F11D1A /* Assets.xcassets */; };
		570444CB2C7CFBB200F11D1A /* Preview Assets.xcassets in Resources */ = {isa = PBXBuildFile; fileRef = 570444CA2C7CFBB200F11D1A /* Preview Assets.xcassets */; };
		570444D72C7CFBE500F11D1A /* MonsterListView.swift in Sources */ = {isa = PBXBuildFile; fileRef = 570444D22C7CFBE500F11D1A /* MonsterListView.swift */; };
		570444D82C7CFBE500F11D1A /* OnboardingView.swift in Sources */ = {isa = PBXBuildFile; fileRef = 570444D32C7CFBE500F11D1A /* OnboardingView.swift */; };
		570444D92C7CFBE500F11D1A /* SplashScreenView.swift in Sources */ = {isa = PBXBuildFile; fileRef = 570444D42C7CFBE500F11D1A /* SplashScreenView.swift */; };
		570444DC2C7CFC1F00F11D1A /* Monster.swift in Sources */ = {isa = PBXBuildFile; fileRef = 570444DA2C7CFC1F00F11D1A /* Monster.swift */; };
		570444E02C7CFC2600F11D1A /* MonsterViewModel.swift in Sources */ = {isa = PBXBuildFile; fileRef = 570444DD2C7CFC2600F11D1A /* MonsterViewModel.swift */; };
		570444E12C7CFC2600F11D1A /* OnboardingViewModel.swift in Sources */ = {isa = PBXBuildFile; fileRef = 570444DE2C7CFC2600F11D1A /* OnboardingViewModel.swift */; };
		570444E72C7D019800F11D1A /* MonsterDetailView.swift in Sources */ = {isa = PBXBuildFile; fileRef = 570444E62C7D019800F11D1A /* MonsterDetailView.swift */; };
		570444EA2C7D067700F11D1A /* AppColors.swift in Sources */ = {isa = PBXBuildFile; fileRef = 570444E92C7D067700F11D1A /* AppColors.swift */; };
		573488432C8740EE00730F18 /* Skill.swift in Sources */ = {isa = PBXBuildFile; fileRef = 573488422C8740EE00730F18 /* Skill.swift */; };
		573488452C87412A00730F18 /* SkillsListView.swift in Sources */ = {isa = PBXBuildFile; fileRef = 573488442C87412A00730F18 /* SkillsListView.swift */; };
		573488472C87413C00730F18 /* SkillsViewModel.swift in Sources */ = {isa = PBXBuildFile; fileRef = 573488462C87413C00730F18 /* SkillsViewModel.swift */; };
		5734884B2C875D5F00730F18 /* MonsterCardView.swift in Sources */ = {isa = PBXBuildFile; fileRef = 5734884A2C875D5F00730F18 /* MonsterCardView.swift */; };
		5734884E2C875DDB00730F18 /* LocationCardView.swift in Sources */ = {isa = PBXBuildFile; fileRef = 5734884D2C875DDB00730F18 /* LocationCardView.swift */; };
		573488502C875E7800730F18 /* SkillCardView.swift in Sources */ = {isa = PBXBuildFile; fileRef = 5734884F2C875E7800730F18 /* SkillCardView.swift */; };
		573488522C875EBC00730F18 /* WeaponCardView.swift in Sources */ = {isa = PBXBuildFile; fileRef = 573488512C875EBC00730F18 /* WeaponCardView.swift */; };
		573488542C8760F200730F18 /* MenuButton.swift in Sources */ = {isa = PBXBuildFile; fileRef = 573488532C8760F200730F18 /* MenuButton.swift */; };
/* End PBXBuildFile section */

/* Begin PBXFileReference section */
		570003332C7F69DA0095405A /* MainMenuView.swift */ = {isa = PBXFileReference; lastKnownFileType = sourcecode.swift; path = MainMenuView.swift; sourceTree = "<group>"; };
		570003352C7F69F30095405A /* LocationsListView.swift */ = {isa = PBXFileReference; lastKnownFileType = sourcecode.swift; path = LocationsListView.swift; sourceTree = "<group>"; };
		570003372C7F6A120095405A /* SkillsDetailView.swift */ = {isa = PBXFileReference; lastKnownFileType = sourcecode.swift; path = SkillsDetailView.swift; sourceTree = "<group>"; };
		570003392C7F6A230095405A /* WeaponsListView.swift */ = {isa = PBXFileReference; lastKnownFileType = sourcecode.swift; path = WeaponsListView.swift; sourceTree = "<group>"; };
		5700033B2C7F6B170095405A /* Locations.swift */ = {isa = PBXFileReference; lastKnownFileType = sourcecode.swift; path = Locations.swift; sourceTree = "<group>"; };
		5700033D2C7F6B270095405A /* LocationViewModel.swift */ = {isa = PBXFileReference; lastKnownFileType = sourcecode.swift; path = LocationViewModel.swift; sourceTree = "<group>"; };
		5700033F2C7F6BB10095405A /* LocationDetailView.swift */ = {isa = PBXFileReference; lastKnownFileType = sourcecode.swift; path = LocationDetailView.swift; sourceTree = "<group>"; };
		570003412C81F38F0095405A /* WeaponsDetailView.swift */ = {isa = PBXFileReference; lastKnownFileType = sourcecode.swift; path = WeaponsDetailView.swift; sourceTree = "<group>"; };
		570003432C81F3D70095405A /* Weapon.swift */ = {isa = PBXFileReference; lastKnownFileType = sourcecode.swift; path = Weapon.swift; sourceTree = "<group>"; };
		570003452C81F3ED0095405A /* WeaponViewModel.swift */ = {isa = PBXFileReference; lastKnownFileType = sourcecode.swift; path = WeaponViewModel.swift; sourceTree = "<group>"; };
		570444C02C7CFBB100F11D1A /* Monster Hunter World Monster.app */ = {isa = PBXFileReference; explicitFileType = wrapper.application; includeInIndex = 0; path = "Monster Hunter World Monster.app"; sourceTree = BUILT_PRODUCTS_DIR; };
		570444C32C7CFBB100F11D1A /* Monster_Hunter_World_MonsterApp.swift */ = {isa = PBXFileReference; lastKnownFileType = sourcecode.swift; path = Monster_Hunter_World_MonsterApp.swift; sourceTree = "<group>"; };
		570444C72C7CFBB200F11D1A /* Assets.xcassets */ = {isa = PBXFileReference; lastKnownFileType = folder.assetcatalog; path = Assets.xcassets; sourceTree = "<group>"; };
		570444CA2C7CFBB200F11D1A /* Preview Assets.xcassets */ = {isa = PBXFileReference; lastKnownFileType = folder.assetcatalog; path = "Preview Assets.xcassets"; sourceTree = "<group>"; };
		570444D22C7CFBE500F11D1A /* MonsterListView.swift */ = {isa = PBXFileReference; fileEncoding = 4; lastKnownFileType = sourcecode.swift; path = MonsterListView.swift; sourceTree = "<group>"; };
		570444D32C7CFBE500F11D1A /* OnboardingView.swift */ = {isa = PBXFileReference; fileEncoding = 4; lastKnownFileType = sourcecode.swift; path = OnboardingView.swift; sourceTree = "<group>"; };
		570444D42C7CFBE500F11D1A /* SplashScreenView.swift */ = {isa = PBXFileReference; fileEncoding = 4; lastKnownFileType = sourcecode.swift; path = SplashScreenView.swift; sourceTree = "<group>"; };
		570444DA2C7CFC1F00F11D1A /* Monster.swift */ = {isa = PBXFileReference; fileEncoding = 4; lastKnownFileType = sourcecode.swift; path = Monster.swift; sourceTree = "<group>"; };
		570444DD2C7CFC2600F11D1A /* MonsterViewModel.swift */ = {isa = PBXFileReference; fileEncoding = 4; lastKnownFileType = sourcecode.swift; path = MonsterViewModel.swift; sourceTree = "<group>"; };
		570444DE2C7CFC2600F11D1A /* OnboardingViewModel.swift */ = {isa = PBXFileReference; fileEncoding = 4; lastKnownFileType = sourcecode.swift; path = OnboardingViewModel.swift; sourceTree = "<group>"; };
		570444E62C7D019800F11D1A /* MonsterDetailView.swift */ = {isa = PBXFileReference; lastKnownFileType = sourcecode.swift; path = MonsterDetailView.swift; sourceTree = "<group>"; };
		570444E92C7D067700F11D1A /* AppColors.swift */ = {isa = PBXFileReference; lastKnownFileType = sourcecode.swift; path = AppColors.swift; sourceTree = "<group>"; };
		573488422C8740EE00730F18 /* Skill.swift */ = {isa = PBXFileReference; lastKnownFileType = sourcecode.swift; path = Skill.swift; sourceTree = "<group>"; };
		573488442C87412A00730F18 /* SkillsListView.swift */ = {isa = PBXFileReference; lastKnownFileType = sourcecode.swift; path = SkillsListView.swift; sourceTree = "<group>"; };
		573488462C87413C00730F18 /* SkillsViewModel.swift */ = {isa = PBXFileReference; lastKnownFileType = sourcecode.swift; path = SkillsViewModel.swift; sourceTree = "<group>"; };
		5734884A2C875D5F00730F18 /* MonsterCardView.swift */ = {isa = PBXFileReference; lastKnownFileType = sourcecode.swift; path = MonsterCardView.swift; sourceTree = "<group>"; };
		5734884D2C875DDB00730F18 /* LocationCardView.swift */ = {isa = PBXFileReference; lastKnownFileType = sourcecode.swift; path = LocationCardView.swift; sourceTree = "<group>"; };
		5734884F2C875E7800730F18 /* SkillCardView.swift */ = {isa = PBXFileReference; lastKnownFileType = sourcecode.swift; path = SkillCardView.swift; sourceTree = "<group>"; };
		573488512C875EBC00730F18 /* WeaponCardView.swift */ = {isa = PBXFileReference; lastKnownFileType = sourcecode.swift; path = WeaponCardView.swift; sourceTree = "<group>"; };
		573488532C8760F200730F18 /* MenuButton.swift */ = {isa = PBXFileReference; lastKnownFileType = sourcecode.swift; path = MenuButton.swift; sourceTree = "<group>"; };
/* End PBXFileReference section */

/* Begin PBXFrameworksBuildPhase section */
		570444BD2C7CFBB100F11D1A /* Frameworks */ = {
			isa = PBXFrameworksBuildPhase;
			buildActionMask = 2147483647;
			files = (
			);
			runOnlyForDeploymentPostprocessing = 0;
		};
/* End PBXFrameworksBuildPhase section */

/* Begin PBXGroup section */
		570444B72C7CFBB100F11D1A = {
			isa = PBXGroup;
			children = (
				570444C22C7CFBB100F11D1A /* Monster Hunter World Monster */,
				570444C12C7CFBB100F11D1A /* Products */,
			);
			sourceTree = "<group>";
		};
		570444C12C7CFBB100F11D1A /* Products */ = {
			isa = PBXGroup;
			children = (
				570444C02C7CFBB100F11D1A /* Monster Hunter World Monster.app */,
			);
			name = Products;
			sourceTree = "<group>";
		};
		570444C22C7CFBB100F11D1A /* Monster Hunter World Monster */ = {
			isa = PBXGroup;
			children = (
				570444C72C7CFBB200F11D1A /* Assets.xcassets */,
				570444C32C7CFBB100F11D1A /* Monster_Hunter_World_MonsterApp.swift */,
				573488482C875D3900730F18 /* Card Views */,
				570444E82C7D066F00F11D1A /* Colors */,
				5734884C2C875DBA00730F18 /* Deatail View */,
				573488492C875D4500730F18 /* List Views */,
				570444DB2C7CFC1F00F11D1A /* Model */,
				570444C92C7CFBB200F11D1A /* Preview Content */,
				570444DF2C7CFC2600F11D1A /* ViewModels */,
				570444D52C7CFBE500F11D1A /* Views */,
			);
			path = "Monster Hunter World Monster";
			sourceTree = "<group>";
		};
		570444C92C7CFBB200F11D1A /* Preview Content */ = {
			isa = PBXGroup;
			children = (
				570444CA2C7CFBB200F11D1A /* Preview Assets.xcassets */,
			);
			path = "Preview Content";
			sourceTree = "<group>";
		};
		570444D52C7CFBE500F11D1A /* Views */ = {
			isa = PBXGroup;
			children = (
				570444D32C7CFBE500F11D1A /* OnboardingView.swift */,
				570444D42C7CFBE500F11D1A /* SplashScreenView.swift */,
				570003332C7F69DA0095405A /* MainMenuView.swift */,
				573488532C8760F200730F18 /* MenuButton.swift */,
			);
			name = Views;
			path = "Monster Hunter World Monster/Views";
			sourceTree = SOURCE_ROOT;
		};
		570444DB2C7CFC1F00F11D1A /* Model */ = {
			isa = PBXGroup;
			children = (
				570444DA2C7CFC1F00F11D1A /* Monster.swift */,
				5700033B2C7F6B170095405A /* Locations.swift */,
				570003432C81F3D70095405A /* Weapon.swift */,
				573488422C8740EE00730F18 /* Skill.swift */,
			);
			path = Model;
			sourceTree = "<group>";
		};
		570444DF2C7CFC2600F11D1A /* ViewModels */ = {
			isa = PBXGroup;
			children = (
				570444DD2C7CFC2600F11D1A /* MonsterViewModel.swift */,
				570444DE2C7CFC2600F11D1A /* OnboardingViewModel.swift */,
				5700033D2C7F6B270095405A /* LocationViewModel.swift */,
				570003452C81F3ED0095405A /* WeaponViewModel.swift */,
				573488462C87413C00730F18 /* SkillsViewModel.swift */,
			);
			path = ViewModels;
			sourceTree = "<group>";
		};
		570444E82C7D066F00F11D1A /* Colors */ = {
			isa = PBXGroup;
			children = (
				570444E92C7D067700F11D1A /* AppColors.swift */,
			);
			path = Colors;
			sourceTree = "<group>";
		};
		573488482C875D3900730F18 /* Card Views */ = {
			isa = PBXGroup;
			children = (
				5734884A2C875D5F00730F18 /* MonsterCardView.swift */,
				5734884D2C875DDB00730F18 /* LocationCardView.swift */,
				5734884F2C875E7800730F18 /* SkillCardView.swift */,
				573488512C875EBC00730F18 /* WeaponCardView.swift */,
			);
			path = "Card Views";
			sourceTree = "<group>";
		};
		573488492C875D4500730F18 /* List Views */ = {
			isa = PBXGroup;
			children = (
				570444D22C7CFBE500F11D1A /* MonsterListView.swift */,
				570003352C7F69F30095405A /* LocationsListView.swift */,
				573488442C87412A00730F18 /* SkillsListView.swift */,
				570003392C7F6A230095405A /* WeaponsListView.swift */,
			);
			path = "List Views";
			sourceTree = "<group>";
		};
		5734884C2C875DBA00730F18 /* Deatail View */ = {
			isa = PBXGroup;
			children = (
				570444E62C7D019800F11D1A /* MonsterDetailView.swift */,
				5700033F2C7F6BB10095405A /* LocationDetailView.swift */,
				570003372C7F6A120095405A /* SkillsDetailView.swift */,
				570003412C81F38F0095405A /* WeaponsDetailView.swift */,
			);
			path = "Deatail View";
			sourceTree = "<group>";
		};
/* End PBXGroup section */

/* Begin PBXNativeTarget section */
		570444BF2C7CFBB100F11D1A /* Monster Hunter World Monster */ = {
			isa = PBXNativeTarget;
			buildConfigurationList = 570444CE2C7CFBB200F11D1A /* Build configuration list for PBXNativeTarget "Monster Hunter World Monster" */;
			buildPhases = (
				570444BC2C7CFBB100F11D1A /* Sources */,
				570444BD2C7CFBB100F11D1A /* Frameworks */,
				570444BE2C7CFBB100F11D1A /* Resources */,
			);
			buildRules = (
			);
			dependencies = (
			);
			name = "Monster Hunter World Monster";
			productName = "Monster Hunter World Monster";
			productReference = 570444C02C7CFBB100F11D1A /* Monster Hunter World Monster.app */;
			productType = "com.apple.product-type.application";
		};
/* End PBXNativeTarget section */

/* Begin PBXProject section */
		570444B82C7CFBB100F11D1A /* Project object */ = {
			isa = PBXProject;
			attributes = {
				BuildIndependentTargetsInParallel = 1;
				LastSwiftUpdateCheck = 1540;
				LastUpgradeCheck = 1540;
				TargetAttributes = {
					570444BF2C7CFBB100F11D1A = {
						CreatedOnToolsVersion = 15.4;
					};
				};
			};
			buildConfigurationList = 570444BB2C7CFBB100F11D1A /* Build configuration list for PBXProject "Monster Hunter World Monster" */;
			compatibilityVersion = "Xcode 14.0";
			developmentRegion = en;
			hasScannedForEncodings = 0;
			knownRegions = (
				en,
				Base,
			);
			mainGroup = 570444B72C7CFBB100F11D1A;
			productRefGroup = 570444C12C7CFBB100F11D1A /* Products */;
			projectDirPath = "";
			projectRoot = "";
			targets = (
				570444BF2C7CFBB100F11D1A /* Monster Hunter World Monster */,
			);
		};
/* End PBXProject section */

/* Begin PBXResourcesBuildPhase section */
		570444BE2C7CFBB100F11D1A /* Resources */ = {
			isa = PBXResourcesBuildPhase;
			buildActionMask = 2147483647;
			files = (
				570444CB2C7CFBB200F11D1A /* Preview Assets.xcassets in Resources */,
				570444C82C7CFBB200F11D1A /* Assets.xcassets in Resources */,
			);
			runOnlyForDeploymentPostprocessing = 0;
		};
/* End PBXResourcesBuildPhase section */

/* Begin PBXSourcesBuildPhase section */
		570444BC2C7CFBB100F11D1A /* Sources */ = {
			isa = PBXSourcesBuildPhase;
			buildActionMask = 2147483647;
			files = (
				570003402C7F6BB10095405A /* LocationDetailView.swift in Sources */,
				570444C42C7CFBB100F11D1A /* Monster_Hunter_World_MonsterApp.swift in Sources */,
				570003342C7F69DA0095405A /* MainMenuView.swift in Sources */,
				570003382C7F6A120095405A /* SkillsDetailView.swift in Sources */,
				573488432C8740EE00730F18 /* Skill.swift in Sources */,
				5700033C2C7F6B170095405A /* Locations.swift in Sources */,
				570444D82C7CFBE500F11D1A /* OnboardingView.swift in Sources */,
				5734884E2C875DDB00730F18 /* LocationCardView.swift in Sources */,
				570444EA2C7D067700F11D1A /* AppColors.swift in Sources */,
				5700033E2C7F6B270095405A /* LocationViewModel.swift in Sources */,
				573488472C87413C00730F18 /* SkillsViewModel.swift in Sources */,
				5700033A2C7F6A230095405A /* WeaponsListView.swift in Sources */,
				570003442C81F3D70095405A /* Weapon.swift in Sources */,
				573488452C87412A00730F18 /* SkillsListView.swift in Sources */,
				573488542C8760F200730F18 /* MenuButton.swift in Sources */,
				570444E72C7D019800F11D1A /* MonsterDetailView.swift in Sources */,
				570444E12C7CFC2600F11D1A /* OnboardingViewModel.swift in Sources */,
				570444D72C7CFBE500F11D1A /* MonsterListView.swift in Sources */,
				5734884B2C875D5F00730F18 /* MonsterCardView.swift in Sources */,
				570444E02C7CFC2600F11D1A /* MonsterViewModel.swift in Sources */,
				570003362C7F69F30095405A /* LocationsListView.swift in Sources */,
				573488522C875EBC00730F18 /* WeaponCardView.swift in Sources */,
				570003422C81F38F0095405A /* WeaponsDetailView.swift in Sources */,
				573488502C875E7800730F18 /* SkillCardView.swift in Sources */,
				570444DC2C7CFC1F00F11D1A /* Monster.swift in Sources */,
				570003462C81F3ED0095405A /* WeaponViewModel.swift in Sources */,
				570444D92C7CFBE500F11D1A /* SplashScreenView.swift in Sources */,
			);
			runOnlyForDeploymentPostprocessing = 0;
		};
/* End PBXSourcesBuildPhase section */

/* Begin XCBuildConfiguration section */
		570444CC2C7CFBB200F11D1A /* Debug */ = {
			isa = XCBuildConfiguration;
			buildSettings = {
				ALWAYS_SEARCH_USER_PATHS = NO;
				ASSETCATALOG_COMPILER_GENERATE_SWIFT_ASSET_SYMBOL_EXTENSIONS = YES;
				CLANG_ANALYZER_NONNULL = YES;
				CLANG_ANALYZER_NUMBER_OBJECT_CONVERSION = YES_AGGRESSIVE;
				CLANG_CXX_LANGUAGE_STANDARD = "gnu++20";
				CLANG_ENABLE_MODULES = YES;
				CLANG_ENABLE_OBJC_ARC = YES;
				CLANG_ENABLE_OBJC_WEAK = YES;
				CLANG_WARN_BLOCK_CAPTURE_AUTORELEASING = YES;
				CLANG_WARN_BOOL_CONVERSION = YES;
				CLANG_WARN_COMMA = YES;
				CLANG_WARN_CONSTANT_CONVERSION = YES;
				CLANG_WARN_DEPRECATED_OBJC_IMPLEMENTATIONS = YES;
				CLANG_WARN_DIRECT_OBJC_ISA_USAGE = YES_ERROR;
				CLANG_WARN_DOCUMENTATION_COMMENTS = YES;
				CLANG_WARN_EMPTY_BODY = YES;
				CLANG_WARN_ENUM_CONVERSION = YES;
				CLANG_WARN_INFINITE_RECURSION = YES;
				CLANG_WARN_INT_CONVERSION = YES;
				CLANG_WARN_NON_LITERAL_NULL_CONVERSION = YES;
				CLANG_WARN_OBJC_IMPLICIT_RETAIN_SELF = YES;
				CLANG_WARN_OBJC_LITERAL_CONVERSION = YES;
				CLANG_WARN_OBJC_ROOT_CLASS = YES_ERROR;
				CLANG_WARN_QUOTED_INCLUDE_IN_FRAMEWORK_HEADER = YES;
				CLANG_WARN_RANGE_LOOP_ANALYSIS = YES;
				CLANG_WARN_STRICT_PROTOTYPES = YES;
				CLANG_WARN_SUSPICIOUS_MOVE = YES;
				CLANG_WARN_UNGUARDED_AVAILABILITY = YES_AGGRESSIVE;
				CLANG_WARN_UNREACHABLE_CODE = YES;
				CLANG_WARN__DUPLICATE_METHOD_MATCH = YES;
				COPY_PHASE_STRIP = NO;
				DEBUG_INFORMATION_FORMAT = dwarf;
				ENABLE_STRICT_OBJC_MSGSEND = YES;
				ENABLE_TESTABILITY = YES;
				ENABLE_USER_SCRIPT_SANDBOXING = YES;
				GCC_C_LANGUAGE_STANDARD = gnu17;
				GCC_DYNAMIC_NO_PIC = NO;
				GCC_NO_COMMON_BLOCKS = YES;
				GCC_OPTIMIZATION_LEVEL = 0;
				GCC_PREPROCESSOR_DEFINITIONS = (
					"DEBUG=1",
					"$(inherited)",
				);
				GCC_WARN_64_TO_32_BIT_CONVERSION = YES;
				GCC_WARN_ABOUT_RETURN_TYPE = YES_ERROR;
				GCC_WARN_UNDECLARED_SELECTOR = YES;
				GCC_WARN_UNINITIALIZED_AUTOS = YES_AGGRESSIVE;
				GCC_WARN_UNUSED_FUNCTION = YES;
				GCC_WARN_UNUSED_VARIABLE = YES;
				IPHONEOS_DEPLOYMENT_TARGET = 17.5;
				LOCALIZATION_PREFERS_STRING_CATALOGS = YES;
				MTL_ENABLE_DEBUG_INFO = INCLUDE_SOURCE;
				MTL_FAST_MATH = YES;
				ONLY_ACTIVE_ARCH = YES;
				SDKROOT = iphoneos;
				SWIFT_ACTIVE_COMPILATION_CONDITIONS = "DEBUG $(inherited)";
				SWIFT_OPTIMIZATION_LEVEL = "-Onone";
			};
			name = Debug;
		};
		570444CD2C7CFBB200F11D1A /* Release */ = {
			isa = XCBuildConfiguration;
			buildSettings = {
				ALWAYS_SEARCH_USER_PATHS = NO;
				ASSETCATALOG_COMPILER_GENERATE_SWIFT_ASSET_SYMBOL_EXTENSIONS = YES;
				CLANG_ANALYZER_NONNULL = YES;
				CLANG_ANALYZER_NUMBER_OBJECT_CONVERSION = YES_AGGRESSIVE;
				CLANG_CXX_LANGUAGE_STANDARD = "gnu++20";
				CLANG_ENABLE_MODULES = YES;
				CLANG_ENABLE_OBJC_ARC = YES;
				CLANG_ENABLE_OBJC_WEAK = YES;
				CLANG_WARN_BLOCK_CAPTURE_AUTORELEASING = YES;
				CLANG_WARN_BOOL_CONVERSION = YES;
				CLANG_WARN_COMMA = YES;
				CLANG_WARN_CONSTANT_CONVERSION = YES;
				CLANG_WARN_DEPRECATED_OBJC_IMPLEMENTATIONS = YES;
				CLANG_WARN_DIRECT_OBJC_ISA_USAGE = YES_ERROR;
				CLANG_WARN_DOCUMENTATION_COMMENTS = YES;
				CLANG_WARN_EMPTY_BODY = YES;
				CLANG_WARN_ENUM_CONVERSION = YES;
				CLANG_WARN_INFINITE_RECURSION = YES;
				CLANG_WARN_INT_CONVERSION = YES;
				CLANG_WARN_NON_LITERAL_NULL_CONVERSION = YES;
				CLANG_WARN_OBJC_IMPLICIT_RETAIN_SELF = YES;
				CLANG_WARN_OBJC_LITERAL_CONVERSION = YES;
				CLANG_WARN_OBJC_ROOT_CLASS = YES_ERROR;
				CLANG_WARN_QUOTED_INCLUDE_IN_FRAMEWORK_HEADER = YES;
				CLANG_WARN_RANGE_LOOP_ANALYSIS = YES;
				CLANG_WARN_STRICT_PROTOTYPES = YES;
				CLANG_WARN_SUSPICIOUS_MOVE = YES;
				CLANG_WARN_UNGUARDED_AVAILABILITY = YES_AGGRESSIVE;
				CLANG_WARN_UNREACHABLE_CODE = YES;
				CLANG_WARN__DUPLICATE_METHOD_MATCH = YES;
				COPY_PHASE_STRIP = NO;
				DEBUG_INFORMATION_FORMAT = "dwarf-with-dsym";
				ENABLE_NS_ASSERTIONS = NO;
				ENABLE_STRICT_OBJC_MSGSEND = YES;
				ENABLE_USER_SCRIPT_SANDBOXING = YES;
				GCC_C_LANGUAGE_STANDARD = gnu17;
				GCC_NO_COMMON_BLOCKS = YES;
				GCC_WARN_64_TO_32_BIT_CONVERSION = YES;
				GCC_WARN_ABOUT_RETURN_TYPE = YES_ERROR;
				GCC_WARN_UNDECLARED_SELECTOR = YES;
				GCC_WARN_UNINITIALIZED_AUTOS = YES_AGGRESSIVE;
				GCC_WARN_UNUSED_FUNCTION = YES;
				GCC_WARN_UNUSED_VARIABLE = YES;
				IPHONEOS_DEPLOYMENT_TARGET = 17.5;
				LOCALIZATION_PREFERS_STRING_CATALOGS = YES;
				MTL_ENABLE_DEBUG_INFO = NO;
				MTL_FAST_MATH = YES;
				SDKROOT = iphoneos;
				SWIFT_COMPILATION_MODE = wholemodule;
				VALIDATE_PRODUCT = YES;
			};
			name = Release;
		};
		570444CF2C7CFBB200F11D1A /* Debug */ = {
			isa = XCBuildConfiguration;
			buildSettings = {
				ASSETCATALOG_COMPILER_APPICON_NAME = AppIcon;
				ASSETCATALOG_COMPILER_GLOBAL_ACCENT_COLOR_NAME = AccentColor;
				CODE_SIGN_STYLE = Automatic;
				CURRENT_PROJECT_VERSION = 1;
				DEVELOPMENT_ASSET_PATHS = "\"Monster Hunter World Monster/Preview Content\"";
				DEVELOPMENT_TEAM = ZMLWAGJ4WQ;
				ENABLE_PREVIEWS = YES;
				GENERATE_INFOPLIST_FILE = YES;
				INFOPLIST_KEY_UIApplicationSceneManifest_Generation = YES;
				INFOPLIST_KEY_UIApplicationSupportsIndirectInputEvents = YES;
				INFOPLIST_KEY_UILaunchScreen_Generation = YES;
				INFOPLIST_KEY_UISupportedInterfaceOrientations = UIInterfaceOrientationPortrait;
				LD_RUNPATH_SEARCH_PATHS = (
					"$(inherited)",
					"@executable_path/Frameworks",
				);
				MARKETING_VERSION = 1.0;
				PRODUCT_BUNDLE_IDENTIFIER = "com.MHW.Monster-Hunter-World-Monster";
				PRODUCT_NAME = "$(TARGET_NAME)";
				SWIFT_EMIT_LOC_STRINGS = YES;
				SWIFT_VERSION = 5.0;
				TARGETED_DEVICE_FAMILY = "1,2";
			};
			name = Debug;
		};
		570444D02C7CFBB200F11D1A /* Release */ = {
			isa = XCBuildConfiguration;
			buildSettings = {
				ASSETCATALOG_COMPILER_APPICON_NAME = AppIcon;
				ASSETCATALOG_COMPILER_GLOBAL_ACCENT_COLOR_NAME = AccentColor;
				CODE_SIGN_STYLE = Automatic;
				CURRENT_PROJECT_VERSION = 1;
				DEVELOPMENT_ASSET_PATHS = "\"Monster Hunter World Monster/Preview Content\"";
				DEVELOPMENT_TEAM = ZMLWAGJ4WQ;
				ENABLE_PREVIEWS = YES;
				GENERATE_INFOPLIST_FILE = YES;
				INFOPLIST_KEY_UIApplicationSceneManifest_Generation = YES;
				INFOPLIST_KEY_UIApplicationSupportsIndirectInputEvents = YES;
				INFOPLIST_KEY_UILaunchScreen_Generation = YES;
				INFOPLIST_KEY_UISupportedInterfaceOrientations = UIInterfaceOrientationPortrait;
				LD_RUNPATH_SEARCH_PATHS = (
					"$(inherited)",
					"@executable_path/Frameworks",
				);
				MARKETING_VERSION = 1.0;
				PRODUCT_BUNDLE_IDENTIFIER = "com.MHW.Monster-Hunter-World-Monster";
				PRODUCT_NAME = "$(TARGET_NAME)";
				SWIFT_EMIT_LOC_STRINGS = YES;
				SWIFT_VERSION = 5.0;
				TARGETED_DEVICE_FAMILY = "1,2";
			};
			name = Release;
		};
/* End XCBuildConfiguration section */

/* Begin XCConfigurationList section */
		570444BB2C7CFBB100F11D1A /* Build configuration list for PBXProject "Monster Hunter World Monster" */ = {
			isa = XCConfigurationList;
			buildConfigurations = (
				570444CC2C7CFBB200F11D1A /* Debug */,
				570444CD2C7CFBB200F11D1A /* Release */,
			);
			defaultConfigurationIsVisible = 0;
			defaultConfigurationName = Release;
		};
		570444CE2C7CFBB200F11D1A /* Build configuration list for PBXNativeTarget "Monster Hunter World Monster" */ = {
			isa = XCConfigurationList;
			buildConfigurations = (
				570444CF2C7CFBB200F11D1A /* Debug */,
				570444D02C7CFBB200F11D1A /* Release */,
			);
			defaultConfigurationIsVisible = 0;
			defaultConfigurationName = Release;
		};
/* End XCConfigurationList section */
	};
	rootObject = 570444B82C7CFBB100F11D1A /* Project object */;
}
