// !$*UTF8*$!
{
	archiveVersion = 1;
	classes = {
	};
	objectVersion = 56;
	objects = {

/* Begin PBXBuildFile section */
		5766DB812C8B798F00AC1804 /* APIServiceTests.swift in Sources */ = {isa = PBXBuildFile; fileRef = 5766DB802C8B798F00AC1804 /* APIServiceTests.swift */; };
		5766DB892C8B7B0600AC1804 /* DataStorageTests.swift in Sources */ = {isa = PBXBuildFile; fileRef = 5766DB872C8B7AE800AC1804 /* DataStorageTests.swift */; };
		57C25ED72C8B33FC0010D555 /* Monster_Hunter_Worlds_SearchApp.swift in Sources */ = {isa = PBXBuildFile; fileRef = 57C25ED62C8B33FC0010D555 /* Monster_Hunter_Worlds_SearchApp.swift */; };
		57C25EDB2C8B33FD0010D555 /* Assets.xcassets in Resources */ = {isa = PBXBuildFile; fileRef = 57C25EDA2C8B33FD0010D555 /* Assets.xcassets */; };
		57C25EDE2C8B33FD0010D555 /* Preview Assets.xcassets in Resources */ = {isa = PBXBuildFile; fileRef = 57C25EDD2C8B33FD0010D555 /* Preview Assets.xcassets */; };
		57C25EE92C8B35E20010D555 /* LocationCardView.swift in Sources */ = {isa = PBXBuildFile; fileRef = 57C25EE52C8B35E20010D555 /* LocationCardView.swift */; };
		57C25EEA2C8B35E20010D555 /* WeaponCardView.swift in Sources */ = {isa = PBXBuildFile; fileRef = 57C25EE62C8B35E20010D555 /* WeaponCardView.swift */; };
		57C25EEB2C8B35E20010D555 /* SkillCardView.swift in Sources */ = {isa = PBXBuildFile; fileRef = 57C25EE72C8B35E20010D555 /* SkillCardView.swift */; };
		57C25EEC2C8B35E20010D555 /* MonsterCardView.swift in Sources */ = {isa = PBXBuildFile; fileRef = 57C25EE82C8B35E20010D555 /* MonsterCardView.swift */; };
		57C25EF62C8B38A00010D555 /* AppColors.swift in Sources */ = {isa = PBXBuildFile; fileRef = 57C25EF52C8B38A00010D555 /* AppColors.swift */; };
		57C25EF82C8B38B80010D555 /* LocationDetailView.swift in Sources */ = {isa = PBXBuildFile; fileRef = 57C25EF72C8B38B80010D555 /* LocationDetailView.swift */; };
		57C25EFA2C8B38D40010D555 /* MonsterDetailView.swift in Sources */ = {isa = PBXBuildFile; fileRef = 57C25EF92C8B38D40010D555 /* MonsterDetailView.swift */; };
		57C25EFC2C8B38EA0010D555 /* SkillDetailView.swift in Sources */ = {isa = PBXBuildFile; fileRef = 57C25EFB2C8B38EA0010D555 /* SkillDetailView.swift */; };
		57C25EFE2C8B38F90010D555 /* WeaponsDetailView.swift in Sources */ = {isa = PBXBuildFile; fileRef = 57C25EFD2C8B38F90010D555 /* WeaponsDetailView.swift */; };
		57C25F002C8B39280010D555 /* LocationListView.swift in Sources */ = {isa = PBXBuildFile; fileRef = 57C25EFF2C8B39280010D555 /* LocationListView.swift */; };
		57C25F022C8B39370010D555 /* MonsterListView.swift in Sources */ = {isa = PBXBuildFile; fileRef = 57C25F012C8B39370010D555 /* MonsterListView.swift */; };
		57C25F042C8B39430010D555 /* SkillListView.swift in Sources */ = {isa = PBXBuildFile; fileRef = 57C25F032C8B39430010D555 /* SkillListView.swift */; };
		57C25F062C8B39500010D555 /* WeaponsListView.swift in Sources */ = {isa = PBXBuildFile; fileRef = 57C25F052C8B39500010D555 /* WeaponsListView.swift */; };
		57C25F082C8B39670010D555 /* LocationModel.swift in Sources */ = {isa = PBXBuildFile; fileRef = 57C25F072C8B39670010D555 /* LocationModel.swift */; };
		57C25F0A2C8B39780010D555 /* MonsterModel.swift in Sources */ = {isa = PBXBuildFile; fileRef = 57C25F092C8B39780010D555 /* MonsterModel.swift */; };
		57C25F0C2C8B39960010D555 /* SkillModel.swift in Sources */ = {isa = PBXBuildFile; fileRef = 57C25F0B2C8B39960010D555 /* SkillModel.swift */; };
		57C25F0E2C8B39A20010D555 /* WeaponModel.swift in Sources */ = {isa = PBXBuildFile; fileRef = 57C25F0D2C8B39A20010D555 /* WeaponModel.swift */; };
		57C25F102C8B39D10010D555 /* LocationViewModel.swift in Sources */ = {isa = PBXBuildFile; fileRef = 57C25F0F2C8B39D10010D555 /* LocationViewModel.swift */; };
		57C25F122C8B39F90010D555 /* MonsterListViewModel.swift in Sources */ = {isa = PBXBuildFile; fileRef = 57C25F112C8B39F90010D555 /* MonsterListViewModel.swift */; };
		57C25F142C8B3A040010D555 /* OnboardingViewModel.swift in Sources */ = {isa = PBXBuildFile; fileRef = 57C25F132C8B3A040010D555 /* OnboardingViewModel.swift */; };
		57C25F162C8B3A290010D555 /* SkillViewModel.swift in Sources */ = {isa = PBXBuildFile; fileRef = 57C25F152C8B3A290010D555 /* SkillViewModel.swift */; };
		57C25F182C8B3A410010D555 /* WeaponsViewModel.swift in Sources */ = {isa = PBXBuildFile; fileRef = 57C25F172C8B3A410010D555 /* WeaponsViewModel.swift */; };
		57C25F1A2C8B3A8F0010D555 /* MainMenuView.swift in Sources */ = {isa = PBXBuildFile; fileRef = 57C25F192C8B3A8F0010D555 /* MainMenuView.swift */; };
		57C25F1C2C8B3A9C0010D555 /* MenuButton.swift in Sources */ = {isa = PBXBuildFile; fileRef = 57C25F1B2C8B3A9C0010D555 /* MenuButton.swift */; };
		57C25F1E2C8B3ACB0010D555 /* OnboardingView.swift in Sources */ = {isa = PBXBuildFile; fileRef = 57C25F1D2C8B3ACB0010D555 /* OnboardingView.swift */; };
		57C25F202C8B3AD80010D555 /* SplashScreenView.swift in Sources */ = {isa = PBXBuildFile; fileRef = 57C25F1F2C8B3AD80010D555 /* SplashScreenView.swift */; };
/* End PBXBuildFile section */

/* Begin PBXContainerItemProxy section */
		5766DB822C8B798F00AC1804 /* PBXContainerItemProxy */ = {
			isa = PBXContainerItemProxy;
			containerPortal = 57C25ECB2C8B33FC0010D555 /* Project object */;
			proxyType = 1;
			remoteGlobalIDString = 57C25ED22C8B33FC0010D555;
			remoteInfo = "Monster Hunter Worlds Search";
		};
/* End PBXContainerItemProxy section */

/* Begin PBXFileReference section */
		5766DB7E2C8B798F00AC1804 /* APIServiceTests.xctest */ = {isa = PBXFileReference; explicitFileType = wrapper.cfbundle; includeInIndex = 0; path = APIServiceTests.xctest; sourceTree = BUILT_PRODUCTS_DIR; };
		5766DB802C8B798F00AC1804 /* APIServiceTests.swift */ = {isa = PBXFileReference; lastKnownFileType = sourcecode.swift; path = APIServiceTests.swift; sourceTree = "<group>"; };
		5766DB872C8B7AE800AC1804 /* DataStorageTests.swift */ = {isa = PBXFileReference; lastKnownFileType = sourcecode.swift; path = DataStorageTests.swift; sourceTree = "<group>"; };
		57C25ED32C8B33FC0010D555 /* Monster Hunter Worlds Search.app */ = {isa = PBXFileReference; explicitFileType = wrapper.application; includeInIndex = 0; path = "Monster Hunter Worlds Search.app"; sourceTree = BUILT_PRODUCTS_DIR; };
		57C25ED62C8B33FC0010D555 /* Monster_Hunter_Worlds_SearchApp.swift */ = {isa = PBXFileReference; lastKnownFileType = sourcecode.swift; path = Monster_Hunter_Worlds_SearchApp.swift; sourceTree = "<group>"; };
		57C25EDA2C8B33FD0010D555 /* Assets.xcassets */ = {isa = PBXFileReference; lastKnownFileType = folder.assetcatalog; path = Assets.xcassets; sourceTree = "<group>"; };
		57C25EDD2C8B33FD0010D555 /* Preview Assets.xcassets */ = {isa = PBXFileReference; lastKnownFileType = folder.assetcatalog; path = "Preview Assets.xcassets"; sourceTree = "<group>"; };
		57C25EE52C8B35E20010D555 /* LocationCardView.swift */ = {isa = PBXFileReference; fileEncoding = 4; lastKnownFileType = sourcecode.swift; path = LocationCardView.swift; sourceTree = "<group>"; };
		57C25EE62C8B35E20010D555 /* WeaponCardView.swift */ = {isa = PBXFileReference; fileEncoding = 4; lastKnownFileType = sourcecode.swift; path = WeaponCardView.swift; sourceTree = "<group>"; };
		57C25EE72C8B35E20010D555 /* SkillCardView.swift */ = {isa = PBXFileReference; fileEncoding = 4; lastKnownFileType = sourcecode.swift; path = SkillCardView.swift; sourceTree = "<group>"; };
		57C25EE82C8B35E20010D555 /* MonsterCardView.swift */ = {isa = PBXFileReference; fileEncoding = 4; lastKnownFileType = sourcecode.swift; path = MonsterCardView.swift; sourceTree = "<group>"; };
		57C25EF52C8B38A00010D555 /* AppColors.swift */ = {isa = PBXFileReference; lastKnownFileType = sourcecode.swift; path = AppColors.swift; sourceTree = "<group>"; };
		57C25EF72C8B38B80010D555 /* LocationDetailView.swift */ = {isa = PBXFileReference; lastKnownFileType = sourcecode.swift; path = LocationDetailView.swift; sourceTree = "<group>"; };
		57C25EF92C8B38D40010D555 /* MonsterDetailView.swift */ = {isa = PBXFileReference; lastKnownFileType = sourcecode.swift; path = MonsterDetailView.swift; sourceTree = "<group>"; };
		57C25EFB2C8B38EA0010D555 /* SkillDetailView.swift */ = {isa = PBXFileReference; lastKnownFileType = sourcecode.swift; path = SkillDetailView.swift; sourceTree = "<group>"; };
		57C25EFD2C8B38F90010D555 /* WeaponsDetailView.swift */ = {isa = PBXFileReference; lastKnownFileType = sourcecode.swift; path = WeaponsDetailView.swift; sourceTree = "<group>"; };
		57C25EFF2C8B39280010D555 /* LocationListView.swift */ = {isa = PBXFileReference; lastKnownFileType = sourcecode.swift; path = LocationListView.swift; sourceTree = "<group>"; };
		57C25F012C8B39370010D555 /* MonsterListView.swift */ = {isa = PBXFileReference; lastKnownFileType = sourcecode.swift; path = MonsterListView.swift; sourceTree = "<group>"; };
		57C25F032C8B39430010D555 /* SkillListView.swift */ = {isa = PBXFileReference; lastKnownFileType = sourcecode.swift; path = SkillListView.swift; sourceTree = "<group>"; };
		57C25F052C8B39500010D555 /* WeaponsListView.swift */ = {isa = PBXFileReference; lastKnownFileType = sourcecode.swift; path = WeaponsListView.swift; sourceTree = "<group>"; };
		57C25F072C8B39670010D555 /* LocationModel.swift */ = {isa = PBXFileReference; lastKnownFileType = sourcecode.swift; path = LocationModel.swift; sourceTree = "<group>"; };
		57C25F092C8B39780010D555 /* MonsterModel.swift */ = {isa = PBXFileReference; lastKnownFileType = sourcecode.swift; path = MonsterModel.swift; sourceTree = "<group>"; };
		57C25F0B2C8B39960010D555 /* SkillModel.swift */ = {isa = PBXFileReference; lastKnownFileType = sourcecode.swift; path = SkillModel.swift; sourceTree = "<group>"; };
		57C25F0D2C8B39A20010D555 /* WeaponModel.swift */ = {isa = PBXFileReference; lastKnownFileType = sourcecode.swift; path = WeaponModel.swift; sourceTree = "<group>"; };
		57C25F0F2C8B39D10010D555 /* LocationViewModel.swift */ = {isa = PBXFileReference; lastKnownFileType = sourcecode.swift; path = LocationViewModel.swift; sourceTree = "<group>"; };
		57C25F112C8B39F90010D555 /* MonsterListViewModel.swift */ = {isa = PBXFileReference; lastKnownFileType = sourcecode.swift; path = MonsterListViewModel.swift; sourceTree = "<group>"; };
		57C25F132C8B3A040010D555 /* OnboardingViewModel.swift */ = {isa = PBXFileReference; lastKnownFileType = sourcecode.swift; path = OnboardingViewModel.swift; sourceTree = "<group>"; };
		57C25F152C8B3A290010D555 /* SkillViewModel.swift */ = {isa = PBXFileReference; lastKnownFileType = sourcecode.swift; path = SkillViewModel.swift; sourceTree = "<group>"; };
		57C25F172C8B3A410010D555 /* WeaponsViewModel.swift */ = {isa = PBXFileReference; lastKnownFileType = sourcecode.swift; path = WeaponsViewModel.swift; sourceTree = "<group>"; };
		57C25F192C8B3A8F0010D555 /* MainMenuView.swift */ = {isa = PBXFileReference; lastKnownFileType = sourcecode.swift; path = MainMenuView.swift; sourceTree = "<group>"; };
		57C25F1B2C8B3A9C0010D555 /* MenuButton.swift */ = {isa = PBXFileReference; lastKnownFileType = sourcecode.swift; path = MenuButton.swift; sourceTree = "<group>"; };
		57C25F1D2C8B3ACB0010D555 /* OnboardingView.swift */ = {isa = PBXFileReference; lastKnownFileType = sourcecode.swift; path = OnboardingView.swift; sourceTree = "<group>"; };
		57C25F1F2C8B3AD80010D555 /* SplashScreenView.swift */ = {isa = PBXFileReference; lastKnownFileType = sourcecode.swift; path = SplashScreenView.swift; sourceTree = "<group>"; };
/* End PBXFileReference section */

/* Begin PBXFrameworksBuildPhase section */
		5766DB7B2C8B798F00AC1804 /* Frameworks */ = {
			isa = PBXFrameworksBuildPhase;
			buildActionMask = 2147483647;
			files = (
			);
			runOnlyForDeploymentPostprocessing = 0;
		};
		57C25ED02C8B33FC0010D555 /* Frameworks */ = {
			isa = PBXFrameworksBuildPhase;
			buildActionMask = 2147483647;
			files = (
			);
			runOnlyForDeploymentPostprocessing = 0;
		};
/* End PBXFrameworksBuildPhase section */

/* Begin PBXGroup section */
		5766DB7F2C8B798F00AC1804 /* APIServiceTests */ = {
			isa = PBXGroup;
			children = (
				5766DB802C8B798F00AC1804 /* APIServiceTests.swift */,
				5766DB872C8B7AE800AC1804 /* DataStorageTests.swift */,
			);
			path = APIServiceTests;
			sourceTree = "<group>";
		};
		57C25ECA2C8B33FC0010D555 = {
			isa = PBXGroup;
			children = (
				57C25ED52C8B33FC0010D555 /* Monster Hunter Worlds Search */,
				5766DB7F2C8B798F00AC1804 /* APIServiceTests */,
				57C25ED42C8B33FC0010D555 /* Products */,
			);
			sourceTree = "<group>";
		};
		57C25ED42C8B33FC0010D555 /* Products */ = {
			isa = PBXGroup;
			children = (
				57C25ED32C8B33FC0010D555 /* Monster Hunter Worlds Search.app */,
				5766DB7E2C8B798F00AC1804 /* APIServiceTests.xctest */,
			);
			name = Products;
			sourceTree = "<group>";
		};
		57C25ED52C8B33FC0010D555 /* Monster Hunter Worlds Search */ = {
			isa = PBXGroup;
			children = (
				57C25ED62C8B33FC0010D555 /* Monster_Hunter_Worlds_SearchApp.swift */,
				57C25EDA2C8B33FD0010D555 /* Assets.xcassets */,
				57C25EED2C8B37CF0010D555 /* Colors */,
				57C25EE42C8B35C60010D555 /* Card Views */,
				57C25EEE2C8B37DC0010D555 /* Deatail Views */,
				57C25EEF2C8B37F80010D555 /* List Views */,
				57C25EF02C8B38040010D555 /* Models */,
				57C25EF22C8B381D0010D555 /* Views */,
				57C25EF12C8B38120010D555 /* View Models */,
				57C25EDC2C8B33FD0010D555 /* Preview Content */,
			);
			path = "Monster Hunter Worlds Search";
			sourceTree = "<group>";
		};
		57C25EDC2C8B33FD0010D555 /* Preview Content */ = {
			isa = PBXGroup;
			children = (
				57C25EDD2C8B33FD0010D555 /* Preview Assets.xcassets */,
			);
			path = "Preview Content";
			sourceTree = "<group>";
		};
		57C25EE42C8B35C60010D555 /* Card Views */ = {
			isa = PBXGroup;
			children = (
				57C25EE52C8B35E20010D555 /* LocationCardView.swift */,
				57C25EE82C8B35E20010D555 /* MonsterCardView.swift */,
				57C25EE72C8B35E20010D555 /* SkillCardView.swift */,
				57C25EE62C8B35E20010D555 /* WeaponCardView.swift */,
			);
			path = "Card Views";
			sourceTree = "<group>";
		};
		57C25EED2C8B37CF0010D555 /* Colors */ = {
			isa = PBXGroup;
			children = (
				57C25EF52C8B38A00010D555 /* AppColors.swift */,
			);
			path = Colors;
			sourceTree = "<group>";
		};
		57C25EEE2C8B37DC0010D555 /* Deatail Views */ = {
			isa = PBXGroup;
			children = (
				57C25EF72C8B38B80010D555 /* LocationDetailView.swift */,
				57C25EF92C8B38D40010D555 /* MonsterDetailView.swift */,
				57C25EFB2C8B38EA0010D555 /* SkillDetailView.swift */,
				57C25EFD2C8B38F90010D555 /* WeaponsDetailView.swift */,
			);
			path = "Deatail Views";
			sourceTree = "<group>";
		};
		57C25EEF2C8B37F80010D555 /* List Views */ = {
			isa = PBXGroup;
			children = (
				57C25EFF2C8B39280010D555 /* LocationListView.swift */,
				57C25F012C8B39370010D555 /* MonsterListView.swift */,
				57C25F032C8B39430010D555 /* SkillListView.swift */,
				57C25F052C8B39500010D555 /* WeaponsListView.swift */,
			);
			path = "List Views";
			sourceTree = "<group>";
		};
		57C25EF02C8B38040010D555 /* Models */ = {
			isa = PBXGroup;
			children = (
				57C25F072C8B39670010D555 /* LocationModel.swift */,
				57C25F092C8B39780010D555 /* MonsterModel.swift */,
				57C25F0B2C8B39960010D555 /* SkillModel.swift */,
				57C25F0D2C8B39A20010D555 /* WeaponModel.swift */,
			);
			path = Models;
			sourceTree = "<group>";
		};
		57C25EF12C8B38120010D555 /* View Models */ = {
			isa = PBXGroup;
			children = (
				57C25F0F2C8B39D10010D555 /* LocationViewModel.swift */,
				57C25F112C8B39F90010D555 /* MonsterListViewModel.swift */,
				57C25F132C8B3A040010D555 /* OnboardingViewModel.swift */,
				57C25F152C8B3A290010D555 /* SkillViewModel.swift */,
				57C25F172C8B3A410010D555 /* WeaponsViewModel.swift */,
			);
			path = "View Models";
			sourceTree = "<group>";
		};
		57C25EF22C8B381D0010D555 /* Views */ = {
			isa = PBXGroup;
			children = (
				57C25F192C8B3A8F0010D555 /* MainMenuView.swift */,
				57C25F1B2C8B3A9C0010D555 /* MenuButton.swift */,
				57C25F1D2C8B3ACB0010D555 /* OnboardingView.swift */,
				57C25F1F2C8B3AD80010D555 /* SplashScreenView.swift */,
			);
			path = Views;
			sourceTree = "<group>";
		};
/* End PBXGroup section */

/* Begin PBXNativeTarget section */
		5766DB7D2C8B798F00AC1804 /* APIServiceTests */ = {
			isa = PBXNativeTarget;
			buildConfigurationList = 5766DB862C8B798F00AC1804 /* Build configuration list for PBXNativeTarget "APIServiceTests" */;
			buildPhases = (
				5766DB7A2C8B798F00AC1804 /* Sources */,
				5766DB7B2C8B798F00AC1804 /* Frameworks */,
				5766DB7C2C8B798F00AC1804 /* Resources */,
			);
			buildRules = (
			);
			dependencies = (
				5766DB832C8B798F00AC1804 /* PBXTargetDependency */,
			);
			name = APIServiceTests;
			productName = APIServiceTests;
			productReference = 5766DB7E2C8B798F00AC1804 /* APIServiceTests.xctest */;
			productType = "com.apple.product-type.bundle.unit-test";
		};
		57C25ED22C8B33FC0010D555 /* Monster Hunter Worlds Search */ = {
			isa = PBXNativeTarget;
			buildConfigurationList = 57C25EE12C8B33FD0010D555 /* Build configuration list for PBXNativeTarget "Monster Hunter Worlds Search" */;
			buildPhases = (
				57C25ECF2C8B33FC0010D555 /* Sources */,
				57C25ED02C8B33FC0010D555 /* Frameworks */,
				57C25ED12C8B33FC0010D555 /* Resources */,
			);
			buildRules = (
			);
			dependencies = (
			);
			name = "Monster Hunter Worlds Search";
			productName = "Monster Hunter Worlds Search";
			productReference = 57C25ED32C8B33FC0010D555 /* Monster Hunter Worlds Search.app */;
			productType = "com.apple.product-type.application";
		};
/* End PBXNativeTarget section */

/* Begin PBXProject section */
		57C25ECB2C8B33FC0010D555 /* Project object */ = {
			isa = PBXProject;
			attributes = {
				BuildIndependentTargetsInParallel = 1;
				LastSwiftUpdateCheck = 1540;
				LastUpgradeCheck = 1540;
				TargetAttributes = {
					5766DB7D2C8B798F00AC1804 = {
						CreatedOnToolsVersion = 15.4;
						TestTargetID = 57C25ED22C8B33FC0010D555;
					};
					57C25ED22C8B33FC0010D555 = {
						CreatedOnToolsVersion = 15.4;
					};
				};
			};
			buildConfigurationList = 57C25ECE2C8B33FC0010D555 /* Build configuration list for PBXProject "Monster Hunter Worlds Search" */;
			compatibilityVersion = "Xcode 14.0";
			developmentRegion = en;
			hasScannedForEncodings = 0;
			knownRegions = (
				en,
				Base,
			);
			mainGroup = 57C25ECA2C8B33FC0010D555;
			productRefGroup = 57C25ED42C8B33FC0010D555 /* Products */;
			projectDirPath = "";
			projectRoot = "";
			targets = (
				57C25ED22C8B33FC0010D555 /* Monster Hunter Worlds Search */,
				5766DB7D2C8B798F00AC1804 /* APIServiceTests */,
			);
		};
/* End PBXProject section */

/* Begin PBXResourcesBuildPhase section */
		5766DB7C2C8B798F00AC1804 /* Resources */ = {
			isa = PBXResourcesBuildPhase;
			buildActionMask = 2147483647;
			files = (
			);
			runOnlyForDeploymentPostprocessing = 0;
		};
		57C25ED12C8B33FC0010D555 /* Resources */ = {
			isa = PBXResourcesBuildPhase;
			buildActionMask = 2147483647;
			files = (
				57C25EDE2C8B33FD0010D555 /* Preview Assets.xcassets in Resources */,
				57C25EDB2C8B33FD0010D555 /* Assets.xcassets in Resources */,
			);
			runOnlyForDeploymentPostprocessing = 0;
		};
/* End PBXResourcesBuildPhase section */

/* Begin PBXSourcesBuildPhase section */
		5766DB7A2C8B798F00AC1804 /* Sources */ = {
			isa = PBXSourcesBuildPhase;
			buildActionMask = 2147483647;
			files = (
				5766DB812C8B798F00AC1804 /* APIServiceTests.swift in Sources */,
				5766DB892C8B7B0600AC1804 /* DataStorageTests.swift in Sources */,
			);
			runOnlyForDeploymentPostprocessing = 0;
		};
		57C25ECF2C8B33FC0010D555 /* Sources */ = {
			isa = PBXSourcesBuildPhase;
			buildActionMask = 2147483647;
			files = (
				57C25EFA2C8B38D40010D555 /* MonsterDetailView.swift in Sources */,
				57C25F122C8B39F90010D555 /* MonsterListViewModel.swift in Sources */,
				57C25ED72C8B33FC0010D555 /* Monster_Hunter_Worlds_SearchApp.swift in Sources */,
				57C25EEA2C8B35E20010D555 /* WeaponCardView.swift in Sources */,
				57C25F162C8B3A290010D555 /* SkillViewModel.swift in Sources */,
				57C25F102C8B39D10010D555 /* LocationViewModel.swift in Sources */,
				57C25EEB2C8B35E20010D555 /* SkillCardView.swift in Sources */,
				57C25F062C8B39500010D555 /* WeaponsListView.swift in Sources */,
				57C25EFC2C8B38EA0010D555 /* SkillDetailView.swift in Sources */,
				57C25F0A2C8B39780010D555 /* MonsterModel.swift in Sources */,
				57C25F182C8B3A410010D555 /* WeaponsViewModel.swift in Sources */,
				57C25F1E2C8B3ACB0010D555 /* OnboardingView.swift in Sources */,
				57C25F042C8B39430010D555 /* SkillListView.swift in Sources */,
				57C25EFE2C8B38F90010D555 /* WeaponsDetailView.swift in Sources */,
				57C25EF82C8B38B80010D555 /* LocationDetailView.swift in Sources */,
				57C25F022C8B39370010D555 /* MonsterListView.swift in Sources */,
				57C25F002C8B39280010D555 /* LocationListView.swift in Sources */,
				57C25EF62C8B38A00010D555 /* AppColors.swift in Sources */,
				57C25EE92C8B35E20010D555 /* LocationCardView.swift in Sources */,
				57C25F1A2C8B3A8F0010D555 /* MainMenuView.swift in Sources */,
				57C25F202C8B3AD80010D555 /* SplashScreenView.swift in Sources */,
				57C25F082C8B39670010D555 /* LocationModel.swift in Sources */,
				57C25F0C2C8B39960010D555 /* SkillModel.swift in Sources */,
				57C25EEC2C8B35E20010D555 /* MonsterCardView.swift in Sources */,
				57C25F1C2C8B3A9C0010D555 /* MenuButton.swift in Sources */,
				57C25F142C8B3A040010D555 /* OnboardingViewModel.swift in Sources */,
				57C25F0E2C8B39A20010D555 /* WeaponModel.swift in Sources */,
			);
			runOnlyForDeploymentPostprocessing = 0;
		};
/* End PBXSourcesBuildPhase section */

/* Begin PBXTargetDependency section */
		5766DB832C8B798F00AC1804 /* PBXTargetDependency */ = {
			isa = PBXTargetDependency;
			target = 57C25ED22C8B33FC0010D555 /* Monster Hunter Worlds Search */;
			targetProxy = 5766DB822C8B798F00AC1804 /* PBXContainerItemProxy */;
		};
/* End PBXTargetDependency section */

/* Begin XCBuildConfiguration section */
		5766DB842C8B798F00AC1804 /* Debug */ = {
			isa = XCBuildConfiguration;
			buildSettings = {
				BUNDLE_LOADER = "$(TEST_HOST)";
				CODE_SIGN_STYLE = Automatic;
				CURRENT_PROJECT_VERSION = 1;
				DEVELOPMENT_TEAM = ZMLWAGJ4WQ;
				GENERATE_INFOPLIST_FILE = YES;
				MARKETING_VERSION = 1.0;
				PRODUCT_BUNDLE_IDENTIFIER = "com.Monster-Hunter-Worlds-Search.APIServiceTests";
				PRODUCT_NAME = "$(TARGET_NAME)";
				SWIFT_EMIT_LOC_STRINGS = NO;
				SWIFT_VERSION = 5.0;
				TARGETED_DEVICE_FAMILY = "1,2";
				TEST_HOST = "$(BUILT_PRODUCTS_DIR)/Monster Hunter Worlds Search.app/$(BUNDLE_EXECUTABLE_FOLDER_PATH)/Monster Hunter Worlds Search";
			};
			name = Debug;
		};
		5766DB852C8B798F00AC1804 /* Release */ = {
			isa = XCBuildConfiguration;
			buildSettings = {
				BUNDLE_LOADER = "$(TEST_HOST)";
				CODE_SIGN_STYLE = Automatic;
				CURRENT_PROJECT_VERSION = 1;
				DEVELOPMENT_TEAM = ZMLWAGJ4WQ;
				GENERATE_INFOPLIST_FILE = YES;
				MARKETING_VERSION = 1.0;
				PRODUCT_BUNDLE_IDENTIFIER = "com.Monster-Hunter-Worlds-Search.APIServiceTests";
				PRODUCT_NAME = "$(TARGET_NAME)";
				SWIFT_EMIT_LOC_STRINGS = NO;
				SWIFT_VERSION = 5.0;
				TARGETED_DEVICE_FAMILY = "1,2";
				TEST_HOST = "$(BUILT_PRODUCTS_DIR)/Monster Hunter Worlds Search.app/$(BUNDLE_EXECUTABLE_FOLDER_PATH)/Monster Hunter Worlds Search";
			};
			name = Release;
		};
		57C25EDF2C8B33FD0010D555 /* Debug */ = {
			isa = XCBuildConfiguration;
			buildSettings = {
				ALWAYS_SEARCH_USER_PATHS = NO;
				ASSETCATALOG_COMPILER_GENERATE_SWIFT_ASSET_SYMBOL_EXTENSIONS = YES;
				CLANG_ANALYZER_NONNULL = YES;
				CLANG_ANALYZER_NUMBER_OBJECT_CONVERSION = YES_AGGRESSIVE;
				CLANG_CXX_LANGUAGE_STANDARD = "gnu++20";
				CLANG_ENABLE_MODULES = YES;
				CLANG_ENABLE_OBJC_ARC = YES;
				CLANG_ENABLE_OBJC_WEAK = YES;
				CLANG_WARN_BLOCK_CAPTURE_AUTORELEASING = YES;
				CLANG_WARN_BOOL_CONVERSION = YES;
				CLANG_WARN_COMMA = YES;
				CLANG_WARN_CONSTANT_CONVERSION = YES;
				CLANG_WARN_DEPRECATED_OBJC_IMPLEMENTATIONS = YES;
				CLANG_WARN_DIRECT_OBJC_ISA_USAGE = YES_ERROR;
				CLANG_WARN_DOCUMENTATION_COMMENTS = YES;
				CLANG_WARN_EMPTY_BODY = YES;
				CLANG_WARN_ENUM_CONVERSION = YES;
				CLANG_WARN_INFINITE_RECURSION = YES;
				CLANG_WARN_INT_CONVERSION = YES;
				CLANG_WARN_NON_LITERAL_NULL_CONVERSION = YES;
				CLANG_WARN_OBJC_IMPLICIT_RETAIN_SELF = YES;
				CLANG_WARN_OBJC_LITERAL_CONVERSION = YES;
				CLANG_WARN_OBJC_ROOT_CLASS = YES_ERROR;
				CLANG_WARN_QUOTED_INCLUDE_IN_FRAMEWORK_HEADER = YES;
				CLANG_WARN_RANGE_LOOP_ANALYSIS = YES;
				CLANG_WARN_STRICT_PROTOTYPES = YES;
				CLANG_WARN_SUSPICIOUS_MOVE = YES;
				CLANG_WARN_UNGUARDED_AVAILABILITY = YES_AGGRESSIVE;
				CLANG_WARN_UNREACHABLE_CODE = YES;
				CLANG_WARN__DUPLICATE_METHOD_MATCH = YES;
				COPY_PHASE_STRIP = NO;
				DEBUG_INFORMATION_FORMAT = dwarf;
				ENABLE_STRICT_OBJC_MSGSEND = YES;
				ENABLE_TESTABILITY = YES;
				ENABLE_USER_SCRIPT_SANDBOXING = YES;
				GCC_C_LANGUAGE_STANDARD = gnu17;
				GCC_DYNAMIC_NO_PIC = NO;
				GCC_NO_COMMON_BLOCKS = YES;
				GCC_OPTIMIZATION_LEVEL = 0;
				GCC_PREPROCESSOR_DEFINITIONS = (
					"DEBUG=1",
					"$(inherited)",
				);
				GCC_WARN_64_TO_32_BIT_CONVERSION = YES;
				GCC_WARN_ABOUT_RETURN_TYPE = YES_ERROR;
				GCC_WARN_UNDECLARED_SELECTOR = YES;
				GCC_WARN_UNINITIALIZED_AUTOS = YES_AGGRESSIVE;
				GCC_WARN_UNUSED_FUNCTION = YES;
				GCC_WARN_UNUSED_VARIABLE = YES;
				IPHONEOS_DEPLOYMENT_TARGET = 17.5;
				LOCALIZATION_PREFERS_STRING_CATALOGS = YES;
				MTL_ENABLE_DEBUG_INFO = INCLUDE_SOURCE;
				MTL_FAST_MATH = YES;
				ONLY_ACTIVE_ARCH = YES;
				SDKROOT = iphoneos;
				SWIFT_ACTIVE_COMPILATION_CONDITIONS = "DEBUG $(inherited)";
				SWIFT_OPTIMIZATION_LEVEL = "-Onone";
			};
			name = Debug;
		};
		57C25EE02C8B33FD0010D555 /* Release */ = {
			isa = XCBuildConfiguration;
			buildSettings = {
				ALWAYS_SEARCH_USER_PATHS = NO;
				ASSETCATALOG_COMPILER_GENERATE_SWIFT_ASSET_SYMBOL_EXTENSIONS = YES;
				CLANG_ANALYZER_NONNULL = YES;
				CLANG_ANALYZER_NUMBER_OBJECT_CONVERSION = YES_AGGRESSIVE;
				CLANG_CXX_LANGUAGE_STANDARD = "gnu++20";
				CLANG_ENABLE_MODULES = YES;
				CLANG_ENABLE_OBJC_ARC = YES;
				CLANG_ENABLE_OBJC_WEAK = YES;
				CLANG_WARN_BLOCK_CAPTURE_AUTORELEASING = YES;
				CLANG_WARN_BOOL_CONVERSION = YES;
				CLANG_WARN_COMMA = YES;
				CLANG_WARN_CONSTANT_CONVERSION = YES;
				CLANG_WARN_DEPRECATED_OBJC_IMPLEMENTATIONS = YES;
				CLANG_WARN_DIRECT_OBJC_ISA_USAGE = YES_ERROR;
				CLANG_WARN_DOCUMENTATION_COMMENTS = YES;
				CLANG_WARN_EMPTY_BODY = YES;
				CLANG_WARN_ENUM_CONVERSION = YES;
				CLANG_WARN_INFINITE_RECURSION = YES;
				CLANG_WARN_INT_CONVERSION = YES;
				CLANG_WARN_NON_LITERAL_NULL_CONVERSION = YES;
				CLANG_WARN_OBJC_IMPLICIT_RETAIN_SELF = YES;
				CLANG_WARN_OBJC_LITERAL_CONVERSION = YES;
				CLANG_WARN_OBJC_ROOT_CLASS = YES_ERROR;
				CLANG_WARN_QUOTED_INCLUDE_IN_FRAMEWORK_HEADER = YES;
				CLANG_WARN_RANGE_LOOP_ANALYSIS = YES;
				CLANG_WARN_STRICT_PROTOTYPES = YES;
				CLANG_WARN_SUSPICIOUS_MOVE = YES;
				CLANG_WARN_UNGUARDED_AVAILABILITY = YES_AGGRESSIVE;
				CLANG_WARN_UNREACHABLE_CODE = YES;
				CLANG_WARN__DUPLICATE_METHOD_MATCH = YES;
				COPY_PHASE_STRIP = NO;
				DEBUG_INFORMATION_FORMAT = "dwarf-with-dsym";
				ENABLE_NS_ASSERTIONS = NO;
				ENABLE_STRICT_OBJC_MSGSEND = YES;
				ENABLE_USER_SCRIPT_SANDBOXING = YES;
				GCC_C_LANGUAGE_STANDARD = gnu17;
				GCC_NO_COMMON_BLOCKS = YES;
				GCC_WARN_64_TO_32_BIT_CONVERSION = YES;
				GCC_WARN_ABOUT_RETURN_TYPE = YES_ERROR;
				GCC_WARN_UNDECLARED_SELECTOR = YES;
				GCC_WARN_UNINITIALIZED_AUTOS = YES_AGGRESSIVE;
				GCC_WARN_UNUSED_FUNCTION = YES;
				GCC_WARN_UNUSED_VARIABLE = YES;
				IPHONEOS_DEPLOYMENT_TARGET = 17.5;
				LOCALIZATION_PREFERS_STRING_CATALOGS = YES;
				MTL_ENABLE_DEBUG_INFO = NO;
				MTL_FAST_MATH = YES;
				SDKROOT = iphoneos;
				SWIFT_COMPILATION_MODE = wholemodule;
				VALIDATE_PRODUCT = YES;
			};
			name = Release;
		};
		57C25EE22C8B33FD0010D555 /* Debug */ = {
			isa = XCBuildConfiguration;
			buildSettings = {
				ASSETCATALOG_COMPILER_APPICON_NAME = AppIcon;
				ASSETCATALOG_COMPILER_GLOBAL_ACCENT_COLOR_NAME = AccentColor;
				CODE_SIGN_STYLE = Automatic;
				CURRENT_PROJECT_VERSION = 1;
				DEVELOPMENT_ASSET_PATHS = "\"Monster Hunter Worlds Search/Preview Content\"";
				DEVELOPMENT_TEAM = ZMLWAGJ4WQ;
				ENABLE_PREVIEWS = YES;
				GENERATE_INFOPLIST_FILE = YES;
				INFOPLIST_KEY_CFBundleDisplayName = "Monster Hunter World Search App";
				INFOPLIST_KEY_UIApplicationSceneManifest_Generation = YES;
				INFOPLIST_KEY_UIApplicationSupportsIndirectInputEvents = YES;
				INFOPLIST_KEY_UILaunchScreen_Generation = YES;
				INFOPLIST_KEY_UISupportedInterfaceOrientations = UIInterfaceOrientationPortrait;
				LD_RUNPATH_SEARCH_PATHS = (
					"$(inherited)",
					"@executable_path/Frameworks",
				);
				MARKETING_VERSION = 1.0;
				PRODUCT_BUNDLE_IDENTIFIER = "com.Monster-Hunter-Worlds-Search.Monster-Hunter-Worlds-Search";
				PRODUCT_NAME = "$(TARGET_NAME)";
				SWIFT_EMIT_LOC_STRINGS = YES;
				SWIFT_VERSION = 5.0;
				TARGETED_DEVICE_FAMILY = "1,2";
			};
			name = Debug;
		};
		57C25EE32C8B33FD0010D555 /* Release */ = {
			isa = XCBuildConfiguration;
			buildSettings = {
				ASSETCATALOG_COMPILER_APPICON_NAME = AppIcon;
				ASSETCATALOG_COMPILER_GLOBAL_ACCENT_COLOR_NAME = AccentColor;
				CODE_SIGN_STYLE = Automatic;
				CURRENT_PROJECT_VERSION = 1;
				DEVELOPMENT_ASSET_PATHS = "\"Monster Hunter Worlds Search/Preview Content\"";
				DEVELOPMENT_TEAM = ZMLWAGJ4WQ;
				ENABLE_PREVIEWS = YES;
				GENERATE_INFOPLIST_FILE = YES;
				INFOPLIST_KEY_CFBundleDisplayName = "Monster Hunter World Search App";
				INFOPLIST_KEY_UIApplicationSceneManifest_Generation = YES;
				INFOPLIST_KEY_UIApplicationSupportsIndirectInputEvents = YES;
				INFOPLIST_KEY_UILaunchScreen_Generation = YES;
				INFOPLIST_KEY_UISupportedInterfaceOrientations = UIInterfaceOrientationPortrait;
				LD_RUNPATH_SEARCH_PATHS = (
					"$(inherited)",
					"@executable_path/Frameworks",
				);
				MARKETING_VERSION = 1.0;
				PRODUCT_BUNDLE_IDENTIFIER = "com.Monster-Hunter-Worlds-Search.Monster-Hunter-Worlds-Search";
				PRODUCT_NAME = "$(TARGET_NAME)";
				SWIFT_EMIT_LOC_STRINGS = YES;
				SWIFT_VERSION = 5.0;
				TARGETED_DEVICE_FAMILY = "1,2";
			};
			name = Release;
		};
/* End XCBuildConfiguration section */

/* Begin XCConfigurationList section */
		5766DB862C8B798F00AC1804 /* Build configuration list for PBXNativeTarget "APIServiceTests" */ = {
			isa = XCConfigurationList;
			buildConfigurations = (
				5766DB842C8B798F00AC1804 /* Debug */,
				5766DB852C8B798F00AC1804 /* Release */,
			);
			defaultConfigurationIsVisible = 0;
			defaultConfigurationName = Release;
		};
		57C25ECE2C8B33FC0010D555 /* Build configuration list for PBXProject "Monster Hunter Worlds Search" */ = {
			isa = XCConfigurationList;
			buildConfigurations = (
				57C25EDF2C8B33FD0010D555 /* Debug */,
				57C25EE02C8B33FD0010D555 /* Release */,
			);
			defaultConfigurationIsVisible = 0;
			defaultConfigurationName = Release;
		};
		57C25EE12C8B33FD0010D555 /* Build configuration list for PBXNativeTarget "Monster Hunter Worlds Search" */ = {
			isa = XCConfigurationList;
			buildConfigurations = (
				57C25EE22C8B33FD0010D555 /* Debug */,
				57C25EE32C8B33FD0010D555 /* Release */,
			);
			defaultConfigurationIsVisible = 0;
			defaultConfigurationName = Release;
		};
/* End XCConfigurationList section */
	};
	rootObject = 57C25ECB2C8B33FC0010D555 /* Project object */;
}
